
Microsoft Visual Studio Solution File, Format Version 12.00
# Visual Studio Version 16
VisualStudioVersion = 16.0.32510.428
MinimumVisualStudioVersion = 10.0.40219.1
Project("{9A19103F-16F7-4668-BE54-9A1E7A4F7556}") = "P01_StudentInformation", "P01_StudentInformation\P01_StudentInformation.csproj", "{DA140A75-BA2B-40DC-8506-A5D7B0DE34DD}"
EndProject
Project("{2150E333-8FDC-42A3-9474-1A3956D46DE8}") = "01_Basic Syntax, Conditional Statements and Loops", "01_Basic Syntax, Conditional Statements and Loops", "{CAD53480-9E9D-4AF8-8EF4-999A691A04B3}"
EndProject
Project("{9A19103F-16F7-4668-BE54-9A1E7A4F7556}") = "P02_Passed", "P02_Passed\P02_Passed.csproj", "{5C29B01E-B756-4059-9A8A-5FFC674A03A6}"
EndProject
Project("{9A19103F-16F7-4668-BE54-9A1E7A4F7556}") = "P03_PassedOrFailed", "P03_PassedOrFailed\P03_PassedOrFailed.csproj", "{E3CDDD53-439B-4C04-88BC-8663E4AA92B7}"
EndProject
Project("{9A19103F-16F7-4668-BE54-9A1E7A4F7556}") = "P04_BackIn30Minutes", "P04_BackIn30Minutes\P04_BackIn30Minutes.csproj", "{A020C4E0-739E-4A0D-8F66-4F8F9E292120}"
EndProject
Project("{9A19103F-16F7-4668-BE54-9A1E7A4F7556}") = "P05_MonthPrinter", "P05_MonthPrinter\P05_MonthPrinter.csproj", "{EE70B92F-C1DC-44A5-8E28-04C553CCBB5C}"
EndProject
Project("{9A19103F-16F7-4668-BE54-9A1E7A4F7556}") = "P06_ForeignLanguages", "P06_ForeignLanguages\P06_ForeignLanguages.csproj", "{2C60F01B-EE63-4A50-8548-370DECBACB3C}"
EndProject
Project("{9A19103F-16F7-4668-BE54-9A1E7A4F7556}") = "P07_TheatrePromotion", "P07_TheatrePromotion\P07_TheatrePromotion.csproj", "{5DFCA46E-9590-4294-9B8D-A59B939CE59F}"
EndProject
Project("{9A19103F-16F7-4668-BE54-9A1E7A4F7556}") = "P08_DivisibleBy3", "P08_DivisibleBy3\P08_DivisibleBy3.csproj", "{EC1B04E2-9BDE-482D-A8D4-C70AA9374F43}"
EndProject
Project("{9A19103F-16F7-4668-BE54-9A1E7A4F7556}") = "P09_SumOfOddNumbers", "P09_SumOfOddNumbers\P09_SumOfOddNumbers.csproj", "{48D3A307-D6B9-4C2A-A1CA-4E5F94A8F705}"
EndProject
Project("{9A19103F-16F7-4668-BE54-9A1E7A4F7556}") = "P10_MultiplicationTable", "P10_MultiplicationTable\P10_MultiplicationTable.csproj", "{ABF5666A-7172-4535-8027-EBBE30535703}"
EndProject
Project("{9A19103F-16F7-4668-BE54-9A1E7A4F7556}") = "P11_MultiplicationTable2.0", "P11_MultiplicationTable2.0\P11_MultiplicationTable2.0.csproj", "{A709AFBE-D4C4-4A4B-8C26-0548BB739155}"
EndProject
Project("{9A19103F-16F7-4668-BE54-9A1E7A4F7556}") = "P12_EvenNumber", "P12_EvenNumber\P12_EvenNumber.csproj", "{8BCEFF90-F118-40EE-AFD6-219046A7A4F1}"
EndProject
Project("{9A19103F-16F7-4668-BE54-9A1E7A4F7556}") = "P13_HolidaysBetweenTwoDates!!!!!!!!!!!!", "P13_HolidaysBetweenTwoDates\P13_HolidaysBetweenTwoDates!!!!!!!!!!!!.csproj", "{B171372E-B8A5-460D-B1C7-7BD005E1C7B3}"
EndProject
Project("{9A19103F-16F7-4668-BE54-9A1E7A4F7556}") = "P14_Ages", "P14_Ages\P14_Ages.csproj", "{A64B9B4A-83E5-4BBD-B60A-D03F9832054E}"
EndProject
Project("{9A19103F-16F7-4668-BE54-9A1E7A4F7556}") = "P15_Division", "P15_Division\P15_Division.csproj", "{94FE2EC3-93A7-4576-BCF9-2EF820293359}"
EndProject
Project("{9A19103F-16F7-4668-BE54-9A1E7A4F7556}") = "P16_Vacation", "P16_Vacation\P16_Vacation.csproj", "{D0A5DD25-766F-472D-BC61-946BD96FFEB2}"
EndProject
Project("{9A19103F-16F7-4668-BE54-9A1E7A4F7556}") = "P17_PrintAndSum", "P17_PrintAndSum\P17_PrintAndSum.csproj", "{342C17A2-C156-4F00-B47F-48569464CF81}"
EndProject
Project("{9A19103F-16F7-4668-BE54-9A1E7A4F7556}") = "P18_Login", "P18_Login\P18_Login.csproj", "{D04388B7-9CC9-40CC-939D-AB5A12099C01}"
EndProject
Project("{9A19103F-16F7-4668-BE54-9A1E7A4F7556}") = "P19_StrongNumber", "P19_StrongNumber\P19_StrongNumber.csproj", "{90FD5BA5-8575-485C-B955-39DEAADAFD18}"
EndProject
Project("{9A19103F-16F7-4668-BE54-9A1E7A4F7556}") = "P20_VendingMachine", "P20_VendingMachine\P20_VendingMachine.csproj", "{BB49BA79-AE00-4EB3-B6A4-ACFB3359C30E}"
EndProject
Project("{9A19103F-16F7-4668-BE54-9A1E7A4F7556}") = "P21_TriangleOfNumbers", "P21_TriangleOfNumbers\P21_TriangleOfNumbers.csproj", "{4844F7B4-E8AB-4259-B4A4-32505B65DD0E}"
EndProject
Project("{9A19103F-16F7-4668-BE54-9A1E7A4F7556}") = "P22_PadawanEquipment", "P22_PadawanEquipment\P22_PadawanEquipment.csproj", "{0C553116-FE66-44AD-8CEB-BE2F822B7CC5}"
EndProject
Project("{9A19103F-16F7-4668-BE54-9A1E7A4F7556}") = "P23_RageExpenses", "P23_RageExpenses\P23_RageExpenses.csproj", "{268A882F-719C-4B38-B4CA-439CE5AF0F8D}"
EndProject
Project("{9A19103F-16F7-4668-BE54-9A1E7A4F7556}") = "P24_Orders", "P24_Orders\P24_Orders.csproj", "{0D08C226-F3AE-47CE-98C3-6C1079ECB010}"
EndProject
Project("{2150E333-8FDC-42A3-9474-1A3956D46DE8}") = "Lecture", "Lecture", "{F50818A4-AABD-4D46-876A-AC07D2DEE2D8}"
EndProject
Project("{2150E333-8FDC-42A3-9474-1A3956D46DE8}") = "Exercise", "Exercise", "{75BE6661-44BE-47DC-BE0C-0B265B504E0D}"
EndProject
Project("{2150E333-8FDC-42A3-9474-1A3956D46DE8}") = "More Exercises", "More Exercises", "{21EE13D3-51DD-4900-BEC3-3F22C49C646A}"
EndProject
Project("{2150E333-8FDC-42A3-9474-1A3956D46DE8}") = "02_Data Types and Variables", "02_Data Types and Variables", "{8DB2E2E7-E738-4710-A38C-AFF986A7BE50}"
EndProject
Project("{2150E333-8FDC-42A3-9474-1A3956D46DE8}") = "Lecture", "Lecture", "{57603E16-C1AB-4D16-AF2B-8FB70D5AA327}"
EndProject
Project("{2150E333-8FDC-42A3-9474-1A3956D46DE8}") = "Exercise", "Exercise", "{9BCF9125-A44D-48DE-8B6A-5668A4A307C1}"
EndProject
Project("{2150E333-8FDC-42A3-9474-1A3956D46DE8}") = "More Exercises", "More Exercises", "{C423A862-1516-4366-85F1-42AD495984A1}"
EndProject
Project("{9A19103F-16F7-4668-BE54-9A1E7A4F7556}") = "P01_ConvertMetersToKilometers", "P01_ConvertMetersToKilometers\P01_ConvertMetersToKilometers.csproj", "{328BAEDA-0C21-416D-BD88-8F72D6D03AEC}"
EndProject
Project("{9A19103F-16F7-4668-BE54-9A1E7A4F7556}") = "P02_PoundsToDollars", "P02_PoundsToDollars\P02_PoundsToDollars.csproj", "{9ED7AA3A-74DB-45DB-A64B-CA512086A679}"
EndProject
Project("{9A19103F-16F7-4668-BE54-9A1E7A4F7556}") = "P03_ExactSumOfRealNumbers", "P03_ExactSumOfRealNumbers\P03_ExactSumOfRealNumbers.csproj", "{37F03AAD-26E8-4638-B00D-6002995C642C}"
EndProject
Project("{9A19103F-16F7-4668-BE54-9A1E7A4F7556}") = "P04_CenturiesToMinutes", "P04_CenturiesToMinutes\P04_CenturiesToMinutes.csproj", "{BF2A92A8-9B70-4C39-9408-64446A00AFD9}"
EndProject
Project("{9A19103F-16F7-4668-BE54-9A1E7A4F7556}") = "P05_SpecialNumbers", "P05_SpecialNumbers\P05_SpecialNumbers.csproj", "{8F91ACDA-8094-46A7-B07F-FA0F49681D9E}"
EndProject
Project("{9A19103F-16F7-4668-BE54-9A1E7A4F7556}") = "P06_ReversedChars", "P06_ReversedChars\P06_ReversedChars.csproj", "{30A13E22-B97A-4983-9194-765F4FE91CF8}"
EndProject
Project("{9A19103F-16F7-4668-BE54-9A1E7A4F7556}") = "P07_ConcatNames", "P07_ConcatNames\P07_ConcatNames.csproj", "{8A79D561-E03A-44CC-8704-E45DBB81456C}"
EndProject
Project("{9A19103F-16F7-4668-BE54-9A1E7A4F7556}") = "P08_TownInfo", "P08_TownInfo\P08_TownInfo.csproj", "{5B343481-FE1E-460B-9240-5994B264302C}"
EndProject
Project("{9A19103F-16F7-4668-BE54-9A1E7A4F7556}") = "P09_CharsToString", "P09_CharsToString\P09_CharsToString.csproj", "{96DFFAE9-D0B3-4C08-8FAD-617F814F67A1}"
EndProject
Project("{9A19103F-16F7-4668-BE54-9A1E7A4F7556}") = "P10_LowerOrUpper", "P10_LowerOrUpper\P10_LowerOrUpper.csproj", "{A34B3391-69A3-4D12-AC0A-7FB698861ED6}"
EndProject
Project("{9A19103F-16F7-4668-BE54-9A1E7A4F7556}") = "P11_RefactorVolumeOfPyramid", "P11_RefactorVolumeOfPyramid\P11_RefactorVolumeOfPyramid.csproj", "{FF606BE5-15F2-4E98-AF42-F325AEF6D317}"
EndProject
Project("{9A19103F-16F7-4668-BE54-9A1E7A4F7556}") = "P12_RefactorSpecialNumbers", "P12_RefactorSpecialNumbers\P12_RefactorSpecialNumbers.csproj", "{AF158E57-CF78-4B35-922B-4DD6C54BB704}"
EndProject
Project("{FAE04EC0-301F-11D3-BF4B-00C04F79EFBC}") = "P01_IntegerOperations", "P01_IntegerOperations\P01_IntegerOperations.csproj", "{31C34710-F068-46D6-A4F3-4F95B6E9A95E}"
EndProject
Global
	GlobalSection(SolutionConfigurationPlatforms) = preSolution
		Debug|Any CPU = Debug|Any CPU
		Release|Any CPU = Release|Any CPU
	EndGlobalSection
	GlobalSection(ProjectConfigurationPlatforms) = postSolution
		{DA140A75-BA2B-40DC-8506-A5D7B0DE34DD}.Debug|Any CPU.ActiveCfg = Debug|Any CPU
		{DA140A75-BA2B-40DC-8506-A5D7B0DE34DD}.Debug|Any CPU.Build.0 = Debug|Any CPU
		{DA140A75-BA2B-40DC-8506-A5D7B0DE34DD}.Release|Any CPU.ActiveCfg = Release|Any CPU
		{DA140A75-BA2B-40DC-8506-A5D7B0DE34DD}.Release|Any CPU.Build.0 = Release|Any CPU
		{5C29B01E-B756-4059-9A8A-5FFC674A03A6}.Debug|Any CPU.ActiveCfg = Debug|Any CPU
		{5C29B01E-B756-4059-9A8A-5FFC674A03A6}.Debug|Any CPU.Build.0 = Debug|Any CPU
		{5C29B01E-B756-4059-9A8A-5FFC674A03A6}.Release|Any CPU.ActiveCfg = Release|Any CPU
		{5C29B01E-B756-4059-9A8A-5FFC674A03A6}.Release|Any CPU.Build.0 = Release|Any CPU
		{E3CDDD53-439B-4C04-88BC-8663E4AA92B7}.Debug|Any CPU.ActiveCfg = Debug|Any CPU
		{E3CDDD53-439B-4C04-88BC-8663E4AA92B7}.Debug|Any CPU.Build.0 = Debug|Any CPU
		{E3CDDD53-439B-4C04-88BC-8663E4AA92B7}.Release|Any CPU.ActiveCfg = Release|Any CPU
		{E3CDDD53-439B-4C04-88BC-8663E4AA92B7}.Release|Any CPU.Build.0 = Release|Any CPU
		{A020C4E0-739E-4A0D-8F66-4F8F9E292120}.Debug|Any CPU.ActiveCfg = Debug|Any CPU
		{A020C4E0-739E-4A0D-8F66-4F8F9E292120}.Debug|Any CPU.Build.0 = Debug|Any CPU
		{A020C4E0-739E-4A0D-8F66-4F8F9E292120}.Release|Any CPU.ActiveCfg = Release|Any CPU
		{A020C4E0-739E-4A0D-8F66-4F8F9E292120}.Release|Any CPU.Build.0 = Release|Any CPU
		{EE70B92F-C1DC-44A5-8E28-04C553CCBB5C}.Debug|Any CPU.ActiveCfg = Debug|Any CPU
		{EE70B92F-C1DC-44A5-8E28-04C553CCBB5C}.Debug|Any CPU.Build.0 = Debug|Any CPU
		{EE70B92F-C1DC-44A5-8E28-04C553CCBB5C}.Release|Any CPU.ActiveCfg = Release|Any CPU
		{EE70B92F-C1DC-44A5-8E28-04C553CCBB5C}.Release|Any CPU.Build.0 = Release|Any CPU
		{2C60F01B-EE63-4A50-8548-370DECBACB3C}.Debug|Any CPU.ActiveCfg = Debug|Any CPU
		{2C60F01B-EE63-4A50-8548-370DECBACB3C}.Debug|Any CPU.Build.0 = Debug|Any CPU
		{2C60F01B-EE63-4A50-8548-370DECBACB3C}.Release|Any CPU.ActiveCfg = Release|Any CPU
		{2C60F01B-EE63-4A50-8548-370DECBACB3C}.Release|Any CPU.Build.0 = Release|Any CPU
		{5DFCA46E-9590-4294-9B8D-A59B939CE59F}.Debug|Any CPU.ActiveCfg = Debug|Any CPU
		{5DFCA46E-9590-4294-9B8D-A59B939CE59F}.Debug|Any CPU.Build.0 = Debug|Any CPU
		{5DFCA46E-9590-4294-9B8D-A59B939CE59F}.Release|Any CPU.ActiveCfg = Release|Any CPU
		{5DFCA46E-9590-4294-9B8D-A59B939CE59F}.Release|Any CPU.Build.0 = Release|Any CPU
		{EC1B04E2-9BDE-482D-A8D4-C70AA9374F43}.Debug|Any CPU.ActiveCfg = Debug|Any CPU
		{EC1B04E2-9BDE-482D-A8D4-C70AA9374F43}.Debug|Any CPU.Build.0 = Debug|Any CPU
		{EC1B04E2-9BDE-482D-A8D4-C70AA9374F43}.Release|Any CPU.ActiveCfg = Release|Any CPU
		{EC1B04E2-9BDE-482D-A8D4-C70AA9374F43}.Release|Any CPU.Build.0 = Release|Any CPU
		{48D3A307-D6B9-4C2A-A1CA-4E5F94A8F705}.Debug|Any CPU.ActiveCfg = Debug|Any CPU
		{48D3A307-D6B9-4C2A-A1CA-4E5F94A8F705}.Debug|Any CPU.Build.0 = Debug|Any CPU
		{48D3A307-D6B9-4C2A-A1CA-4E5F94A8F705}.Release|Any CPU.ActiveCfg = Release|Any CPU
		{48D3A307-D6B9-4C2A-A1CA-4E5F94A8F705}.Release|Any CPU.Build.0 = Release|Any CPU
		{ABF5666A-7172-4535-8027-EBBE30535703}.Debug|Any CPU.ActiveCfg = Debug|Any CPU
		{ABF5666A-7172-4535-8027-EBBE30535703}.Debug|Any CPU.Build.0 = Debug|Any CPU
		{ABF5666A-7172-4535-8027-EBBE30535703}.Release|Any CPU.ActiveCfg = Release|Any CPU
		{ABF5666A-7172-4535-8027-EBBE30535703}.Release|Any CPU.Build.0 = Release|Any CPU
		{A709AFBE-D4C4-4A4B-8C26-0548BB739155}.Debug|Any CPU.ActiveCfg = Debug|Any CPU
		{A709AFBE-D4C4-4A4B-8C26-0548BB739155}.Debug|Any CPU.Build.0 = Debug|Any CPU
		{A709AFBE-D4C4-4A4B-8C26-0548BB739155}.Release|Any CPU.ActiveCfg = Release|Any CPU
		{A709AFBE-D4C4-4A4B-8C26-0548BB739155}.Release|Any CPU.Build.0 = Release|Any CPU
		{8BCEFF90-F118-40EE-AFD6-219046A7A4F1}.Debug|Any CPU.ActiveCfg = Debug|Any CPU
		{8BCEFF90-F118-40EE-AFD6-219046A7A4F1}.Debug|Any CPU.Build.0 = Debug|Any CPU
		{8BCEFF90-F118-40EE-AFD6-219046A7A4F1}.Release|Any CPU.ActiveCfg = Release|Any CPU
		{8BCEFF90-F118-40EE-AFD6-219046A7A4F1}.Release|Any CPU.Build.0 = Release|Any CPU
		{B171372E-B8A5-460D-B1C7-7BD005E1C7B3}.Debug|Any CPU.ActiveCfg = Debug|Any CPU
		{B171372E-B8A5-460D-B1C7-7BD005E1C7B3}.Debug|Any CPU.Build.0 = Debug|Any CPU
		{B171372E-B8A5-460D-B1C7-7BD005E1C7B3}.Release|Any CPU.ActiveCfg = Release|Any CPU
		{B171372E-B8A5-460D-B1C7-7BD005E1C7B3}.Release|Any CPU.Build.0 = Release|Any CPU
		{A64B9B4A-83E5-4BBD-B60A-D03F9832054E}.Debug|Any CPU.ActiveCfg = Debug|Any CPU
		{A64B9B4A-83E5-4BBD-B60A-D03F9832054E}.Debug|Any CPU.Build.0 = Debug|Any CPU
		{A64B9B4A-83E5-4BBD-B60A-D03F9832054E}.Release|Any CPU.ActiveCfg = Release|Any CPU
		{A64B9B4A-83E5-4BBD-B60A-D03F9832054E}.Release|Any CPU.Build.0 = Release|Any CPU
		{94FE2EC3-93A7-4576-BCF9-2EF820293359}.Debug|Any CPU.ActiveCfg = Debug|Any CPU
		{94FE2EC3-93A7-4576-BCF9-2EF820293359}.Debug|Any CPU.Build.0 = Debug|Any CPU
		{94FE2EC3-93A7-4576-BCF9-2EF820293359}.Release|Any CPU.ActiveCfg = Release|Any CPU
		{94FE2EC3-93A7-4576-BCF9-2EF820293359}.Release|Any CPU.Build.0 = Release|Any CPU
		{D0A5DD25-766F-472D-BC61-946BD96FFEB2}.Debug|Any CPU.ActiveCfg = Debug|Any CPU
		{D0A5DD25-766F-472D-BC61-946BD96FFEB2}.Debug|Any CPU.Build.0 = Debug|Any CPU
		{D0A5DD25-766F-472D-BC61-946BD96FFEB2}.Release|Any CPU.ActiveCfg = Release|Any CPU
		{D0A5DD25-766F-472D-BC61-946BD96FFEB2}.Release|Any CPU.Build.0 = Release|Any CPU
		{342C17A2-C156-4F00-B47F-48569464CF81}.Debug|Any CPU.ActiveCfg = Debug|Any CPU
		{342C17A2-C156-4F00-B47F-48569464CF81}.Debug|Any CPU.Build.0 = Debug|Any CPU
		{342C17A2-C156-4F00-B47F-48569464CF81}.Release|Any CPU.ActiveCfg = Release|Any CPU
		{342C17A2-C156-4F00-B47F-48569464CF81}.Release|Any CPU.Build.0 = Release|Any CPU
		{D04388B7-9CC9-40CC-939D-AB5A12099C01}.Debug|Any CPU.ActiveCfg = Debug|Any CPU
		{D04388B7-9CC9-40CC-939D-AB5A12099C01}.Debug|Any CPU.Build.0 = Debug|Any CPU
		{D04388B7-9CC9-40CC-939D-AB5A12099C01}.Release|Any CPU.ActiveCfg = Release|Any CPU
		{D04388B7-9CC9-40CC-939D-AB5A12099C01}.Release|Any CPU.Build.0 = Release|Any CPU
		{90FD5BA5-8575-485C-B955-39DEAADAFD18}.Debug|Any CPU.ActiveCfg = Debug|Any CPU
		{90FD5BA5-8575-485C-B955-39DEAADAFD18}.Debug|Any CPU.Build.0 = Debug|Any CPU
		{90FD5BA5-8575-485C-B955-39DEAADAFD18}.Release|Any CPU.ActiveCfg = Release|Any CPU
		{90FD5BA5-8575-485C-B955-39DEAADAFD18}.Release|Any CPU.Build.0 = Release|Any CPU
		{BB49BA79-AE00-4EB3-B6A4-ACFB3359C30E}.Debug|Any CPU.ActiveCfg = Debug|Any CPU
		{BB49BA79-AE00-4EB3-B6A4-ACFB3359C30E}.Debug|Any CPU.Build.0 = Debug|Any CPU
		{BB49BA79-AE00-4EB3-B6A4-ACFB3359C30E}.Release|Any CPU.ActiveCfg = Release|Any CPU
		{BB49BA79-AE00-4EB3-B6A4-ACFB3359C30E}.Release|Any CPU.Build.0 = Release|Any CPU
		{4844F7B4-E8AB-4259-B4A4-32505B65DD0E}.Debug|Any CPU.ActiveCfg = Debug|Any CPU
		{4844F7B4-E8AB-4259-B4A4-32505B65DD0E}.Debug|Any CPU.Build.0 = Debug|Any CPU
		{4844F7B4-E8AB-4259-B4A4-32505B65DD0E}.Release|Any CPU.ActiveCfg = Release|Any CPU
		{4844F7B4-E8AB-4259-B4A4-32505B65DD0E}.Release|Any CPU.Build.0 = Release|Any CPU
		{0C553116-FE66-44AD-8CEB-BE2F822B7CC5}.Debug|Any CPU.ActiveCfg = Debug|Any CPU
		{0C553116-FE66-44AD-8CEB-BE2F822B7CC5}.Debug|Any CPU.Build.0 = Debug|Any CPU
		{0C553116-FE66-44AD-8CEB-BE2F822B7CC5}.Release|Any CPU.ActiveCfg = Release|Any CPU
		{0C553116-FE66-44AD-8CEB-BE2F822B7CC5}.Release|Any CPU.Build.0 = Release|Any CPU
		{268A882F-719C-4B38-B4CA-439CE5AF0F8D}.Debug|Any CPU.ActiveCfg = Debug|Any CPU
		{268A882F-719C-4B38-B4CA-439CE5AF0F8D}.Debug|Any CPU.Build.0 = Debug|Any CPU
		{268A882F-719C-4B38-B4CA-439CE5AF0F8D}.Release|Any CPU.ActiveCfg = Release|Any CPU
		{268A882F-719C-4B38-B4CA-439CE5AF0F8D}.Release|Any CPU.Build.0 = Release|Any CPU
		{0D08C226-F3AE-47CE-98C3-6C1079ECB010}.Debug|Any CPU.ActiveCfg = Debug|Any CPU
		{0D08C226-F3AE-47CE-98C3-6C1079ECB010}.Debug|Any CPU.Build.0 = Debug|Any CPU
		{0D08C226-F3AE-47CE-98C3-6C1079ECB010}.Release|Any CPU.ActiveCfg = Release|Any CPU
		{0D08C226-F3AE-47CE-98C3-6C1079ECB010}.Release|Any CPU.Build.0 = Release|Any CPU
		{328BAEDA-0C21-416D-BD88-8F72D6D03AEC}.Debug|Any CPU.ActiveCfg = Debug|Any CPU
		{328BAEDA-0C21-416D-BD88-8F72D6D03AEC}.Debug|Any CPU.Build.0 = Debug|Any CPU
		{328BAEDA-0C21-416D-BD88-8F72D6D03AEC}.Release|Any CPU.ActiveCfg = Release|Any CPU
		{328BAEDA-0C21-416D-BD88-8F72D6D03AEC}.Release|Any CPU.Build.0 = Release|Any CPU
		{9ED7AA3A-74DB-45DB-A64B-CA512086A679}.Debug|Any CPU.ActiveCfg = Debug|Any CPU
		{9ED7AA3A-74DB-45DB-A64B-CA512086A679}.Debug|Any CPU.Build.0 = Debug|Any CPU
		{9ED7AA3A-74DB-45DB-A64B-CA512086A679}.Release|Any CPU.ActiveCfg = Release|Any CPU
		{9ED7AA3A-74DB-45DB-A64B-CA512086A679}.Release|Any CPU.Build.0 = Release|Any CPU
		{37F03AAD-26E8-4638-B00D-6002995C642C}.Debug|Any CPU.ActiveCfg = Debug|Any CPU
		{37F03AAD-26E8-4638-B00D-6002995C642C}.Debug|Any CPU.Build.0 = Debug|Any CPU
		{37F03AAD-26E8-4638-B00D-6002995C642C}.Release|Any CPU.ActiveCfg = Release|Any CPU
		{37F03AAD-26E8-4638-B00D-6002995C642C}.Release|Any CPU.Build.0 = Release|Any CPU
		{BF2A92A8-9B70-4C39-9408-64446A00AFD9}.Debug|Any CPU.ActiveCfg = Debug|Any CPU
		{BF2A92A8-9B70-4C39-9408-64446A00AFD9}.Debug|Any CPU.Build.0 = Debug|Any CPU
		{BF2A92A8-9B70-4C39-9408-64446A00AFD9}.Release|Any CPU.ActiveCfg = Release|Any CPU
		{BF2A92A8-9B70-4C39-9408-64446A00AFD9}.Release|Any CPU.Build.0 = Release|Any CPU
		{8F91ACDA-8094-46A7-B07F-FA0F49681D9E}.Debug|Any CPU.ActiveCfg = Debug|Any CPU
		{8F91ACDA-8094-46A7-B07F-FA0F49681D9E}.Debug|Any CPU.Build.0 = Debug|Any CPU
		{8F91ACDA-8094-46A7-B07F-FA0F49681D9E}.Release|Any CPU.ActiveCfg = Release|Any CPU
		{8F91ACDA-8094-46A7-B07F-FA0F49681D9E}.Release|Any CPU.Build.0 = Release|Any CPU
		{30A13E22-B97A-4983-9194-765F4FE91CF8}.Debug|Any CPU.ActiveCfg = Debug|Any CPU
		{30A13E22-B97A-4983-9194-765F4FE91CF8}.Debug|Any CPU.Build.0 = Debug|Any CPU
		{30A13E22-B97A-4983-9194-765F4FE91CF8}.Release|Any CPU.ActiveCfg = Release|Any CPU
		{30A13E22-B97A-4983-9194-765F4FE91CF8}.Release|Any CPU.Build.0 = Release|Any CPU
		{8A79D561-E03A-44CC-8704-E45DBB81456C}.Debug|Any CPU.ActiveCfg = Debug|Any CPU
		{8A79D561-E03A-44CC-8704-E45DBB81456C}.Debug|Any CPU.Build.0 = Debug|Any CPU
		{8A79D561-E03A-44CC-8704-E45DBB81456C}.Release|Any CPU.ActiveCfg = Release|Any CPU
		{8A79D561-E03A-44CC-8704-E45DBB81456C}.Release|Any CPU.Build.0 = Release|Any CPU
		{5B343481-FE1E-460B-9240-5994B264302C}.Debug|Any CPU.ActiveCfg = Debug|Any CPU
		{5B343481-FE1E-460B-9240-5994B264302C}.Debug|Any CPU.Build.0 = Debug|Any CPU
		{5B343481-FE1E-460B-9240-5994B264302C}.Release|Any CPU.ActiveCfg = Release|Any CPU
		{5B343481-FE1E-460B-9240-5994B264302C}.Release|Any CPU.Build.0 = Release|Any CPU
		{96DFFAE9-D0B3-4C08-8FAD-617F814F67A1}.Debug|Any CPU.ActiveCfg = Debug|Any CPU
		{96DFFAE9-D0B3-4C08-8FAD-617F814F67A1}.Debug|Any CPU.Build.0 = Debug|Any CPU
		{96DFFAE9-D0B3-4C08-8FAD-617F814F67A1}.Release|Any CPU.ActiveCfg = Release|Any CPU
		{96DFFAE9-D0B3-4C08-8FAD-617F814F67A1}.Release|Any CPU.Build.0 = Release|Any CPU
		{A34B3391-69A3-4D12-AC0A-7FB698861ED6}.Debug|Any CPU.ActiveCfg = Debug|Any CPU
		{A34B3391-69A3-4D12-AC0A-7FB698861ED6}.Debug|Any CPU.Build.0 = Debug|Any CPU
		{A34B3391-69A3-4D12-AC0A-7FB698861ED6}.Release|Any CPU.ActiveCfg = Release|Any CPU
		{A34B3391-69A3-4D12-AC0A-7FB698861ED6}.Release|Any CPU.Build.0 = Release|Any CPU
		{FF606BE5-15F2-4E98-AF42-F325AEF6D317}.Debug|Any CPU.ActiveCfg = Debug|Any CPU
		{FF606BE5-15F2-4E98-AF42-F325AEF6D317}.Debug|Any CPU.Build.0 = Debug|Any CPU
		{FF606BE5-15F2-4E98-AF42-F325AEF6D317}.Release|Any CPU.ActiveCfg = Release|Any CPU
		{FF606BE5-15F2-4E98-AF42-F325AEF6D317}.Release|Any CPU.Build.0 = Release|Any CPU
		{AF158E57-CF78-4B35-922B-4DD6C54BB704}.Debug|Any CPU.ActiveCfg = Debug|Any CPU
		{AF158E57-CF78-4B35-922B-4DD6C54BB704}.Debug|Any CPU.Build.0 = Debug|Any CPU
		{AF158E57-CF78-4B35-922B-4DD6C54BB704}.Release|Any CPU.ActiveCfg = Release|Any CPU
		{AF158E57-CF78-4B35-922B-4DD6C54BB704}.Release|Any CPU.Build.0 = Release|Any CPU
		{31C34710-F068-46D6-A4F3-4F95B6E9A95E}.Debug|Any CPU.ActiveCfg = Debug|Any CPU
		{31C34710-F068-46D6-A4F3-4F95B6E9A95E}.Debug|Any CPU.Build.0 = Debug|Any CPU
		{31C34710-F068-46D6-A4F3-4F95B6E9A95E}.Release|Any CPU.ActiveCfg = Release|Any CPU
		{31C34710-F068-46D6-A4F3-4F95B6E9A95E}.Release|Any CPU.Build.0 = Release|Any CPU
	EndGlobalSection
	GlobalSection(SolutionProperties) = preSolution
		HideSolutionNode = FALSE
	EndGlobalSection
	GlobalSection(NestedProjects) = preSolution
		{DA140A75-BA2B-40DC-8506-A5D7B0DE34DD} = {F50818A4-AABD-4D46-876A-AC07D2DEE2D8}
		{5C29B01E-B756-4059-9A8A-5FFC674A03A6} = {F50818A4-AABD-4D46-876A-AC07D2DEE2D8}
		{E3CDDD53-439B-4C04-88BC-8663E4AA92B7} = {F50818A4-AABD-4D46-876A-AC07D2DEE2D8}
		{A020C4E0-739E-4A0D-8F66-4F8F9E292120} = {F50818A4-AABD-4D46-876A-AC07D2DEE2D8}
		{EE70B92F-C1DC-44A5-8E28-04C553CCBB5C} = {F50818A4-AABD-4D46-876A-AC07D2DEE2D8}
		{2C60F01B-EE63-4A50-8548-370DECBACB3C} = {F50818A4-AABD-4D46-876A-AC07D2DEE2D8}
		{5DFCA46E-9590-4294-9B8D-A59B939CE59F} = {F50818A4-AABD-4D46-876A-AC07D2DEE2D8}
		{EC1B04E2-9BDE-482D-A8D4-C70AA9374F43} = {F50818A4-AABD-4D46-876A-AC07D2DEE2D8}
		{48D3A307-D6B9-4C2A-A1CA-4E5F94A8F705} = {F50818A4-AABD-4D46-876A-AC07D2DEE2D8}
		{ABF5666A-7172-4535-8027-EBBE30535703} = {F50818A4-AABD-4D46-876A-AC07D2DEE2D8}
		{A709AFBE-D4C4-4A4B-8C26-0548BB739155} = {F50818A4-AABD-4D46-876A-AC07D2DEE2D8}
		{8BCEFF90-F118-40EE-AFD6-219046A7A4F1} = {F50818A4-AABD-4D46-876A-AC07D2DEE2D8}
		{B171372E-B8A5-460D-B1C7-7BD005E1C7B3} = {F50818A4-AABD-4D46-876A-AC07D2DEE2D8}
		{A64B9B4A-83E5-4BBD-B60A-D03F9832054E} = {75BE6661-44BE-47DC-BE0C-0B265B504E0D}
		{94FE2EC3-93A7-4576-BCF9-2EF820293359} = {75BE6661-44BE-47DC-BE0C-0B265B504E0D}
		{D0A5DD25-766F-472D-BC61-946BD96FFEB2} = {75BE6661-44BE-47DC-BE0C-0B265B504E0D}
		{342C17A2-C156-4F00-B47F-48569464CF81} = {75BE6661-44BE-47DC-BE0C-0B265B504E0D}
		{D04388B7-9CC9-40CC-939D-AB5A12099C01} = {75BE6661-44BE-47DC-BE0C-0B265B504E0D}
		{90FD5BA5-8575-485C-B955-39DEAADAFD18} = {75BE6661-44BE-47DC-BE0C-0B265B504E0D}
		{BB49BA79-AE00-4EB3-B6A4-ACFB3359C30E} = {75BE6661-44BE-47DC-BE0C-0B265B504E0D}
		{4844F7B4-E8AB-4259-B4A4-32505B65DD0E} = {75BE6661-44BE-47DC-BE0C-0B265B504E0D}
		{0C553116-FE66-44AD-8CEB-BE2F822B7CC5} = {75BE6661-44BE-47DC-BE0C-0B265B504E0D}
		{268A882F-719C-4B38-B4CA-439CE5AF0F8D} = {75BE6661-44BE-47DC-BE0C-0B265B504E0D}
		{0D08C226-F3AE-47CE-98C3-6C1079ECB010} = {75BE6661-44BE-47DC-BE0C-0B265B504E0D}
		{F50818A4-AABD-4D46-876A-AC07D2DEE2D8} = {CAD53480-9E9D-4AF8-8EF4-999A691A04B3}
		{75BE6661-44BE-47DC-BE0C-0B265B504E0D} = {CAD53480-9E9D-4AF8-8EF4-999A691A04B3}
		{21EE13D3-51DD-4900-BEC3-3F22C49C646A} = {CAD53480-9E9D-4AF8-8EF4-999A691A04B3}
		{57603E16-C1AB-4D16-AF2B-8FB70D5AA327} = {8DB2E2E7-E738-4710-A38C-AFF986A7BE50}
		{9BCF9125-A44D-48DE-8B6A-5668A4A307C1} = {8DB2E2E7-E738-4710-A38C-AFF986A7BE50}
		{C423A862-1516-4366-85F1-42AD495984A1} = {8DB2E2E7-E738-4710-A38C-AFF986A7BE50}
		{328BAEDA-0C21-416D-BD88-8F72D6D03AEC} = {57603E16-C1AB-4D16-AF2B-8FB70D5AA327}
		{9ED7AA3A-74DB-45DB-A64B-CA512086A679} = {57603E16-C1AB-4D16-AF2B-8FB70D5AA327}
		{37F03AAD-26E8-4638-B00D-6002995C642C} = {57603E16-C1AB-4D16-AF2B-8FB70D5AA327}
		{BF2A92A8-9B70-4C39-9408-64446A00AFD9} = {57603E16-C1AB-4D16-AF2B-8FB70D5AA327}
		{8F91ACDA-8094-46A7-B07F-FA0F49681D9E} = {57603E16-C1AB-4D16-AF2B-8FB70D5AA327}
		{30A13E22-B97A-4983-9194-765F4FE91CF8} = {57603E16-C1AB-4D16-AF2B-8FB70D5AA327}
		{8A79D561-E03A-44CC-8704-E45DBB81456C} = {57603E16-C1AB-4D16-AF2B-8FB70D5AA327}
		{5B343481-FE1E-460B-9240-5994B264302C} = {57603E16-C1AB-4D16-AF2B-8FB70D5AA327}
		{96DFFAE9-D0B3-4C08-8FAD-617F814F67A1} = {57603E16-C1AB-4D16-AF2B-8FB70D5AA327}
		{A34B3391-69A3-4D12-AC0A-7FB698861ED6} = {57603E16-C1AB-4D16-AF2B-8FB70D5AA327}
		{FF606BE5-15F2-4E98-AF42-F325AEF6D317} = {57603E16-C1AB-4D16-AF2B-8FB70D5AA327}
		{AF158E57-CF78-4B35-922B-4DD6C54BB704} = {57603E16-C1AB-4D16-AF2B-8FB70D5AA327}
		{31C34710-F068-46D6-A4F3-4F95B6E9A95E} = {9BCF9125-A44D-48DE-8B6A-5668A4A307C1}
	EndGlobalSection
	GlobalSection(ExtensibilityGlobals) = postSolution
		SolutionGuid = {F44C1ED6-D756-4898-B73B-556514262570}
	EndGlobalSection
EndGlobal
